// !$*UTF8*$!
{
	archiveVersion = 1;
	classes = {
	};
	objectVersion = 55;
	objects = {

/* Begin PBXBuildFile section */
		143ECDA8278C318D00F093F2 /* HomeView.swift in Sources */ = {isa = PBXBuildFile; fileRef = 143ECDA7278C318D00F093F2 /* HomeView.swift */; };
		143ECDAA278C31A000F093F2 /* SavedView.swift in Sources */ = {isa = PBXBuildFile; fileRef = 143ECDA9278C31A000F093F2 /* SavedView.swift */; };
		143ECDAC278C31AD00F093F2 /* NotificationsView.swift in Sources */ = {isa = PBXBuildFile; fileRef = 143ECDAB278C31AD00F093F2 /* NotificationsView.swift */; };
		143ECDAE278C31CA00F093F2 /* ProfileView.swift in Sources */ = {isa = PBXBuildFile; fileRef = 143ECDAD278C31CA00F093F2 /* ProfileView.swift */; };
		143ECDB0278C31D400F093F2 /* CartView.swift in Sources */ = {isa = PBXBuildFile; fileRef = 143ECDAF278C31D400F093F2 /* CartView.swift */; };
		14641206278DA37900BDA714 /* GridCards.swift in Sources */ = {isa = PBXBuildFile; fileRef = 14641205278DA37900BDA714 /* GridCards.swift */; };
		14702038278C24200014BDD3 /* QuantumTaskApp.swift in Sources */ = {isa = PBXBuildFile; fileRef = 14702037278C24200014BDD3 /* QuantumTaskApp.swift */; };
		1470203A278C24200014BDD3 /* ContentView.swift in Sources */ = {isa = PBXBuildFile; fileRef = 14702039278C24200014BDD3 /* ContentView.swift */; };
		1470203C278C24200014BDD3 /* Assets.xcassets in Resources */ = {isa = PBXBuildFile; fileRef = 1470203B278C24200014BDD3 /* Assets.xcassets */; };
		1470203F278C24200014BDD3 /* Preview Assets.xcassets in Resources */ = {isa = PBXBuildFile; fileRef = 1470203E278C24200014BDD3 /* Preview Assets.xcassets */; };
		14702049278C24210014BDD3 /* QuantumTaskTests.swift in Sources */ = {isa = PBXBuildFile; fileRef = 14702048278C24210014BDD3 /* QuantumTaskTests.swift */; };
		14702053278C24210014BDD3 /* QuantumTaskUITests.swift in Sources */ = {isa = PBXBuildFile; fileRef = 14702052278C24210014BDD3 /* QuantumTaskUITests.swift */; };
		14702055278C24210014BDD3 /* QuantumTaskUITestsLaunchTests.swift in Sources */ = {isa = PBXBuildFile; fileRef = 14702054278C24210014BDD3 /* QuantumTaskUITestsLaunchTests.swift */; };
/* End PBXBuildFile section */

/* Begin PBXContainerItemProxy section */
		14702045278C24210014BDD3 /* PBXContainerItemProxy */ = {
			isa = PBXContainerItemProxy;
			containerPortal = 1470202C278C24200014BDD3 /* Project object */;
			proxyType = 1;
			remoteGlobalIDString = 14702033278C24200014BDD3;
			remoteInfo = QuantumTask;
		};
		1470204F278C24210014BDD3 /* PBXContainerItemProxy */ = {
			isa = PBXContainerItemProxy;
			containerPortal = 1470202C278C24200014BDD3 /* Project object */;
			proxyType = 1;
			remoteGlobalIDString = 14702033278C24200014BDD3;
			remoteInfo = QuantumTask;
		};
/* End PBXContainerItemProxy section */

/* Begin PBXFileReference section */
		143ECDA7278C318D00F093F2 /* HomeView.swift */ = {isa = PBXFileReference; lastKnownFileType = sourcecode.swift; path = HomeView.swift; sourceTree = "<group>"; };
		143ECDA9278C31A000F093F2 /* SavedView.swift */ = {isa = PBXFileReference; lastKnownFileType = sourcecode.swift; path = SavedView.swift; sourceTree = "<group>"; };
		143ECDAB278C31AD00F093F2 /* NotificationsView.swift */ = {isa = PBXFileReference; lastKnownFileType = sourcecode.swift; path = NotificationsView.swift; sourceTree = "<group>"; };
		143ECDAD278C31CA00F093F2 /* ProfileView.swift */ = {isa = PBXFileReference; lastKnownFileType = sourcecode.swift; path = ProfileView.swift; sourceTree = "<group>"; };
		143ECDAF278C31D400F093F2 /* CartView.swift */ = {isa = PBXFileReference; lastKnownFileType = sourcecode.swift; path = CartView.swift; sourceTree = "<group>"; };
		14641205278DA37900BDA714 /* GridCards.swift */ = {isa = PBXFileReference; lastKnownFileType = sourcecode.swift; path = GridCards.swift; sourceTree = "<group>"; };
		14702034278C24200014BDD3 /* QuantumTask.app */ = {isa = PBXFileReference; explicitFileType = wrapper.application; includeInIndex = 0; path = QuantumTask.app; sourceTree = BUILT_PRODUCTS_DIR; };
		14702037278C24200014BDD3 /* QuantumTaskApp.swift */ = {isa = PBXFileReference; lastKnownFileType = sourcecode.swift; path = QuantumTaskApp.swift; sourceTree = "<group>"; };
		14702039278C24200014BDD3 /* ContentView.swift */ = {isa = PBXFileReference; lastKnownFileType = sourcecode.swift; path = ContentView.swift; sourceTree = "<group>"; };
		1470203B278C24200014BDD3 /* Assets.xcassets */ = {isa = PBXFileReference; lastKnownFileType = folder.assetcatalog; path = Assets.xcassets; sourceTree = "<group>"; };
		1470203E278C24200014BDD3 /* Preview Assets.xcassets */ = {isa = PBXFileReference; lastKnownFileType = folder.assetcatalog; path = "Preview Assets.xcassets"; sourceTree = "<group>"; };
		14702044278C24210014BDD3 /* QuantumTaskTests.xctest */ = {isa = PBXFileReference; explicitFileType = wrapper.cfbundle; includeInIndex = 0; path = QuantumTaskTests.xctest; sourceTree = BUILT_PRODUCTS_DIR; };
		14702048278C24210014BDD3 /* QuantumTaskTests.swift */ = {isa = PBXFileReference; lastKnownFileType = sourcecode.swift; path = QuantumTaskTests.swift; sourceTree = "<group>"; };
		1470204E278C24210014BDD3 /* QuantumTaskUITests.xctest */ = {isa = PBXFileReference; explicitFileType = wrapper.cfbundle; includeInIndex = 0; path = QuantumTaskUITests.xctest; sourceTree = BUILT_PRODUCTS_DIR; };
		14702052278C24210014BDD3 /* QuantumTaskUITests.swift */ = {isa = PBXFileReference; lastKnownFileType = sourcecode.swift; path = QuantumTaskUITests.swift; sourceTree = "<group>"; };
		14702054278C24210014BDD3 /* QuantumTaskUITestsLaunchTests.swift */ = {isa = PBXFileReference; lastKnownFileType = sourcecode.swift; path = QuantumTaskUITestsLaunchTests.swift; sourceTree = "<group>"; };
/* End PBXFileReference section */

/* Begin PBXFrameworksBuildPhase section */
		14702031278C24200014BDD3 /* Frameworks */ = {
			isa = PBXFrameworksBuildPhase;
			buildActionMask = 2147483647;
			files = (
			);
			runOnlyForDeploymentPostprocessing = 0;
		};
		14702041278C24210014BDD3 /* Frameworks */ = {
			isa = PBXFrameworksBuildPhase;
			buildActionMask = 2147483647;
			files = (
			);
			runOnlyForDeploymentPostprocessing = 0;
		};
		1470204B278C24210014BDD3 /* Frameworks */ = {
			isa = PBXFrameworksBuildPhase;
			buildActionMask = 2147483647;
			files = (
			);
			runOnlyForDeploymentPostprocessing = 0;
		};
/* End PBXFrameworksBuildPhase section */

/* Begin PBXGroup section */
		143ECDA5278C316800F093F2 /* Views */ = {
			isa = PBXGroup;
			children = (
				143ECDA6278C317400F093F2 /* SubViews */,
				14702039278C24200014BDD3 /* ContentView.swift */,
			);
			path = Views;
			sourceTree = "<group>";
		};
		143ECDA6278C317400F093F2 /* SubViews */ = {
			isa = PBXGroup;
			children = (
				143ECDA7278C318D00F093F2 /* HomeView.swift */,
				143ECDA9278C31A000F093F2 /* SavedView.swift */,
				143ECDAB278C31AD00F093F2 /* NotificationsView.swift */,
				143ECDAD278C31CA00F093F2 /* ProfileView.swift */,
				143ECDAF278C31D400F093F2 /* CartView.swift */,
				14641205278DA37900BDA714 /* GridCards.swift */,
			);
			path = SubViews;
			sourceTree = "<group>";
		};
		1470202B278C24200014BDD3 = {
			isa = PBXGroup;
			children = (
				14702036278C24200014BDD3 /* QuantumTask */,
				14702047278C24210014BDD3 /* QuantumTaskTests */,
				14702051278C24210014BDD3 /* QuantumTaskUITests */,
				14702035278C24200014BDD3 /* Products */,
			);
			sourceTree = "<group>";
		};
		14702035278C24200014BDD3 /* Products */ = {
			isa = PBXGroup;
			children = (
				14702034278C24200014BDD3 /* QuantumTask.app */,
				14702044278C24210014BDD3 /* QuantumTaskTests.xctest */,
				1470204E278C24210014BDD3 /* QuantumTaskUITests.xctest */,
			);
			name = Products;
			sourceTree = "<group>";
		};
		14702036278C24200014BDD3 /* QuantumTask */ = {
			isa = PBXGroup;
			children = (
				14702037278C24200014BDD3 /* QuantumTaskApp.swift */,
				143ECDA5278C316800F093F2 /* Views */,
				1470203B278C24200014BDD3 /* Assets.xcassets */,
				1470203D278C24200014BDD3 /* Preview Content */,
			);
			path = QuantumTask;
			sourceTree = "<group>";
		};
		1470203D278C24200014BDD3 /* Preview Content */ = {
			isa = PBXGroup;
			children = (
				1470203E278C24200014BDD3 /* Preview Assets.xcassets */,
			);
			path = "Preview Content";
			sourceTree = "<group>";
		};
		14702047278C24210014BDD3 /* QuantumTaskTests */ = {
			isa = PBXGroup;
			children = (
				14702048278C24210014BDD3 /* QuantumTaskTests.swift */,
			);
			path = QuantumTaskTests;
			sourceTree = "<group>";
		};
		14702051278C24210014BDD3 /* QuantumTaskUITests */ = {
			isa = PBXGroup;
			children = (
				14702052278C24210014BDD3 /* QuantumTaskUITests.swift */,
				14702054278C24210014BDD3 /* QuantumTaskUITestsLaunchTests.swift */,
			);
			path = QuantumTaskUITests;
			sourceTree = "<group>";
		};
/* End PBXGroup section */

/* Begin PBXNativeTarget section */
		14702033278C24200014BDD3 /* QuantumTask */ = {
			isa = PBXNativeTarget;
			buildConfigurationList = 14702058278C24210014BDD3 /* Build configuration list for PBXNativeTarget "QuantumTask" */;
			buildPhases = (
				14702030278C24200014BDD3 /* Sources */,
				14702031278C24200014BDD3 /* Frameworks */,
				14702032278C24200014BDD3 /* Resources */,
			);
			buildRules = (
			);
			dependencies = (
			);
			name = QuantumTask;
			productName = QuantumTask;
			productReference = 14702034278C24200014BDD3 /* QuantumTask.app */;
			productType = "com.apple.product-type.application";
		};
		14702043278C24210014BDD3 /* QuantumTaskTests */ = {
			isa = PBXNativeTarget;
			buildConfigurationList = 1470205B278C24210014BDD3 /* Build configuration list for PBXNativeTarget "QuantumTaskTests" */;
			buildPhases = (
				14702040278C24210014BDD3 /* Sources */,
				14702041278C24210014BDD3 /* Frameworks */,
				14702042278C24210014BDD3 /* Resources */,
			);
			buildRules = (
			);
			dependencies = (
				14702046278C24210014BDD3 /* PBXTargetDependency */,
			);
			name = QuantumTaskTests;
			productName = QuantumTaskTests;
			productReference = 14702044278C24210014BDD3 /* QuantumTaskTests.xctest */;
			productType = "com.apple.product-type.bundle.unit-test";
		};
		1470204D278C24210014BDD3 /* QuantumTaskUITests */ = {
			isa = PBXNativeTarget;
			buildConfigurationList = 1470205E278C24210014BDD3 /* Build configuration list for PBXNativeTarget "QuantumTaskUITests" */;
			buildPhases = (
				1470204A278C24210014BDD3 /* Sources */,
				1470204B278C24210014BDD3 /* Frameworks */,
				1470204C278C24210014BDD3 /* Resources */,
			);
			buildRules = (
			);
			dependencies = (
				14702050278C24210014BDD3 /* PBXTargetDependency */,
			);
			name = QuantumTaskUITests;
			productName = QuantumTaskUITests;
			productReference = 1470204E278C24210014BDD3 /* QuantumTaskUITests.xctest */;
			productType = "com.apple.product-type.bundle.ui-testing";
		};
/* End PBXNativeTarget section */

/* Begin PBXProject section */
		1470202C278C24200014BDD3 /* Project object */ = {
			isa = PBXProject;
			attributes = {
				BuildIndependentTargetsInParallel = 1;
				LastSwiftUpdateCheck = 1320;
				LastUpgradeCheck = 1320;
				TargetAttributes = {
					14702033278C24200014BDD3 = {
						CreatedOnToolsVersion = 13.2.1;
					};
					14702043278C24210014BDD3 = {
						CreatedOnToolsVersion = 13.2.1;
						TestTargetID = 14702033278C24200014BDD3;
					};
					1470204D278C24210014BDD3 = {
						CreatedOnToolsVersion = 13.2.1;
						TestTargetID = 14702033278C24200014BDD3;
					};
				};
			};
			buildConfigurationList = 1470202F278C24200014BDD3 /* Build configuration list for PBXProject "QuantumTask" */;
			compatibilityVersion = "Xcode 13.0";
			developmentRegion = en;
			hasScannedForEncodings = 0;
			knownRegions = (
				en,
				Base,
			);
			mainGroup = 1470202B278C24200014BDD3;
			productRefGroup = 14702035278C24200014BDD3 /* Products */;
			projectDirPath = "";
			projectRoot = "";
			targets = (
				14702033278C24200014BDD3 /* QuantumTask */,
				14702043278C24210014BDD3 /* QuantumTaskTests */,
				1470204D278C24210014BDD3 /* QuantumTaskUITests */,
			);
		};
/* End PBXProject section */

/* Begin PBXResourcesBuildPhase section */
		14702032278C24200014BDD3 /* Resources */ = {
			isa = PBXResourcesBuildPhase;
			buildActionMask = 2147483647;
			files = (
				1470203F278C24200014BDD3 /* Preview Assets.xcassets in Resources */,
				1470203C278C24200014BDD3 /* Assets.xcassets in Resources */,
			);
			runOnlyForDeploymentPostprocessing = 0;
		};
		14702042278C24210014BDD3 /* Resources */ = {
			isa = PBXResourcesBuildPhase;
			buildActionMask = 2147483647;
			files = (
			);
			runOnlyForDeploymentPostprocessing = 0;
		};
		1470204C278C24210014BDD3 /* Resources */ = {
			isa = PBXResourcesBuildPhase;
			buildActionMask = 2147483647;
			files = (
			);
			runOnlyForDeploymentPostprocessing = 0;
		};
/* End PBXResourcesBuildPhase section */

/* Begin PBXSourcesBuildPhase section */
		14702030278C24200014BDD3 /* Sources */ = {
			isa = PBXSourcesBuildPhase;
			buildActionMask = 2147483647;
			files = (
				143ECDAA278C31A000F093F2 /* SavedView.swift in Sources */,
				143ECDB0278C31D400F093F2 /* CartView.swift in Sources */,
				143ECDAC278C31AD00F093F2 /* NotificationsView.swift in Sources */,
				143ECDA8278C318D00F093F2 /* HomeView.swift in Sources */,
				1470203A278C24200014BDD3 /* ContentView.swift in Sources */,
				14641206278DA37900BDA714 /* GridCards.swift in Sources */,
				143ECDAE278C31CA00F093F2 /* ProfileView.swift in Sources */,
				14702038278C24200014BDD3 /* QuantumTaskApp.swift in Sources */,
			);
			runOnlyForDeploymentPostprocessing = 0;
		};
		14702040278C24210014BDD3 /* Sources */ = {
			isa = PBXSourcesBuildPhase;
			buildActionMask = 2147483647;
			files = (
				14702049278C24210014BDD3 /* QuantumTaskTests.swift in Sources */,
			);
			runOnlyForDeploymentPostprocessing = 0;
		};
		1470204A278C24210014BDD3 /* Sources */ = {
			isa = PBXSourcesBuildPhase;
			buildActionMask = 2147483647;
			files = (
				14702053278C24210014BDD3 /* QuantumTaskUITests.swift in Sources */,
				14702055278C24210014BDD3 /* QuantumTaskUITestsLaunchTests.swift in Sources */,
			);
			runOnlyForDeploymentPostprocessing = 0;
		};
/* End PBXSourcesBuildPhase section */

/* Begin PBXTargetDependency section */
		14702046278C24210014BDD3 /* PBXTargetDependency */ = {
			isa = PBXTargetDependency;
			target = 14702033278C24200014BDD3 /* QuantumTask */;
			targetProxy = 14702045278C24210014BDD3 /* PBXContainerItemProxy */;
		};
		14702050278C24210014BDD3 /* PBXTargetDependency */ = {
			isa = PBXTargetDependency;
			target = 14702033278C24200014BDD3 /* QuantumTask */;
			targetProxy = 1470204F278C24210014BDD3 /* PBXContainerItemProxy */;
		};
/* End PBXTargetDependency section */

/* Begin XCBuildConfiguration section */
		14702056278C24210014BDD3 /* Debug */ = {
			isa = XCBuildConfiguration;
			buildSettings = {
				ALWAYS_SEARCH_USER_PATHS = NO;
				CLANG_ANALYZER_NONNULL = YES;
				CLANG_ANALYZER_NUMBER_OBJECT_CONVERSION = YES_AGGRESSIVE;
				CLANG_CXX_LANGUAGE_STANDARD = "gnu++17";
				CLANG_CXX_LIBRARY = "libc++";
				CLANG_ENABLE_MODULES = YES;
				CLANG_ENABLE_OBJC_ARC = YES;
				CLANG_ENABLE_OBJC_WEAK = YES;
				CLANG_WARN_BLOCK_CAPTURE_AUTORELEASING = YES;
				CLANG_WARN_BOOL_CONVERSION = YES;
				CLANG_WARN_COMMA = YES;
				CLANG_WARN_CONSTANT_CONVERSION = YES;
				CLANG_WARN_DEPRECATED_OBJC_IMPLEMENTATIONS = YES;
				CLANG_WARN_DIRECT_OBJC_ISA_USAGE = YES_ERROR;
				CLANG_WARN_DOCUMENTATION_COMMENTS = YES;
				CLANG_WARN_EMPTY_BODY = YES;
				CLANG_WARN_ENUM_CONVERSION = YES;
				CLANG_WARN_INFINITE_RECURSION = YES;
				CLANG_WARN_INT_CONVERSION = YES;
				CLANG_WARN_NON_LITERAL_NULL_CONVERSION = YES;
				CLANG_WARN_OBJC_IMPLICIT_RETAIN_SELF = YES;
				CLANG_WARN_OBJC_LITERAL_CONVERSION = YES;
				CLANG_WARN_OBJC_ROOT_CLASS = YES_ERROR;
				CLANG_WARN_QUOTED_INCLUDE_IN_FRAMEWORK_HEADER = YES;
				CLANG_WARN_RANGE_LOOP_ANALYSIS = YES;
				CLANG_WARN_STRICT_PROTOTYPES = YES;
				CLANG_WARN_SUSPICIOUS_MOVE = YES;
				CLANG_WARN_UNGUARDED_AVAILABILITY = YES_AGGRESSIVE;
				CLANG_WARN_UNREACHABLE_CODE = YES;
				CLANG_WARN__DUPLICATE_METHOD_MATCH = YES;
				COPY_PHASE_STRIP = NO;
				DEBUG_INFORMATION_FORMAT = dwarf;
				ENABLE_STRICT_OBJC_MSGSEND = YES;
				ENABLE_TESTABILITY = YES;
				GCC_C_LANGUAGE_STANDARD = gnu11;
				GCC_DYNAMIC_NO_PIC = NO;
				GCC_NO_COMMON_BLOCKS = YES;
				GCC_OPTIMIZATION_LEVEL = 0;
				GCC_PREPROCESSOR_DEFINITIONS = (
					"DEBUG=1",
					"$(inherited)",
				);
				GCC_WARN_64_TO_32_BIT_CONVERSION = YES;
				GCC_WARN_ABOUT_RETURN_TYPE = YES_ERROR;
				GCC_WARN_UNDECLARED_SELECTOR = YES;
				GCC_WARN_UNINITIALIZED_AUTOS = YES_AGGRESSIVE;
				GCC_WARN_UNUSED_FUNCTION = YES;
				GCC_WARN_UNUSED_VARIABLE = YES;
				IPHONEOS_DEPLOYMENT_TARGET = 15.2;
				MTL_ENABLE_DEBUG_INFO = INCLUDE_SOURCE;
				MTL_FAST_MATH = YES;
				ONLY_ACTIVE_ARCH = YES;
				SDKROOT = iphoneos;
				SWIFT_ACTIVE_COMPILATION_CONDITIONS = DEBUG;
				SWIFT_OPTIMIZATION_LEVEL = "-Onone";
			};
			name = Debug;
		};
		14702057278C24210014BDD3 /* Release */ = {
			isa = XCBuildConfiguration;
			buildSettings = {
				ALWAYS_SEARCH_USER_PATHS = NO;
				CLANG_ANALYZER_NONNULL = YES;
				CLANG_ANALYZER_NUMBER_OBJECT_CONVERSION = YES_AGGRESSIVE;
				CLANG_CXX_LANGUAGE_STANDARD = "gnu++17";
				CLANG_CXX_LIBRARY = "libc++";
				CLANG_ENABLE_MODULES = YES;
				CLANG_ENABLE_OBJC_ARC = YES;
				CLANG_ENABLE_OBJC_WEAK = YES;
				CLANG_WARN_BLOCK_CAPTURE_AUTORELEASING = YES;
				CLANG_WARN_BOOL_CONVERSION = YES;
				CLANG_WARN_COMMA = YES;
				CLANG_WARN_CONSTANT_CONVERSION = YES;
				CLANG_WARN_DEPRECATED_OBJC_IMPLEMENTATIONS = YES;
				CLANG_WARN_DIRECT_OBJC_ISA_USAGE = YES_ERROR;
				CLANG_WARN_DOCUMENTATION_COMMENTS = YES;
				CLANG_WARN_EMPTY_BODY = YES;
				CLANG_WARN_ENUM_CONVERSION = YES;
				CLANG_WARN_INFINITE_RECURSION = YES;
				CLANG_WARN_INT_CONVERSION = YES;
				CLANG_WARN_NON_LITERAL_NULL_CONVERSION = YES;
				CLANG_WARN_OBJC_IMPLICIT_RETAIN_SELF = YES;
				CLANG_WARN_OBJC_LITERAL_CONVERSION = YES;
				CLANG_WARN_OBJC_ROOT_CLASS = YES_ERROR;
				CLANG_WARN_QUOTED_INCLUDE_IN_FRAMEWORK_HEADER = YES;
				CLANG_WARN_RANGE_LOOP_ANALYSIS = YES;
				CLANG_WARN_STRICT_PROTOTYPES = YES;
				CLANG_WARN_SUSPICIOUS_MOVE = YES;
				CLANG_WARN_UNGUARDED_AVAILABILITY = YES_AGGRESSIVE;
				CLANG_WARN_UNREACHABLE_CODE = YES;
				CLANG_WARN__DUPLICATE_METHOD_MATCH = YES;
				COPY_PHASE_STRIP = NO;
				DEBUG_INFORMATION_FORMAT = "dwarf-with-dsym";
				ENABLE_NS_ASSERTIONS = NO;
				ENABLE_STRICT_OBJC_MSGSEND = YES;
				GCC_C_LANGUAGE_STANDARD = gnu11;
				GCC_NO_COMMON_BLOCKS = YES;
				GCC_WARN_64_TO_32_BIT_CONVERSION = YES;
				GCC_WARN_ABOUT_RETURN_TYPE = YES_ERROR;
				GCC_WARN_UNDECLARED_SELECTOR = YES;
				GCC_WARN_UNINITIALIZED_AUTOS = YES_AGGRESSIVE;
				GCC_WARN_UNUSED_FUNCTION = YES;
				GCC_WARN_UNUSED_VARIABLE = YES;
				IPHONEOS_DEPLOYMENT_TARGET = 15.2;
				MTL_ENABLE_DEBUG_INFO = NO;
				MTL_FAST_MATH = YES;
				SDKROOT = iphoneos;
				SWIFT_COMPILATION_MODE = wholemodule;
				SWIFT_OPTIMIZATION_LEVEL = "-O";
				VALIDATE_PRODUCT = YES;
			};
			name = Release;
		};
		14702059278C24210014BDD3 /* Debug */ = {
			isa = XCBuildConfiguration;
			buildSettings = {
				ASSETCATALOG_COMPILER_APPICON_NAME = AppIcon;
				ASSETCATALOG_COMPILER_GLOBAL_ACCENT_COLOR_NAME = AccentColor;
				CODE_SIGN_STYLE = Automatic;
				CURRENT_PROJECT_VERSION = 1;
				DEVELOPMENT_ASSET_PATHS = "\"QuantumTask/Preview Content\"";
				DEVELOPMENT_TEAM = B2MRP3T383;
				ENABLE_PREVIEWS = YES;
				GENERATE_INFOPLIST_FILE = YES;
				INFOPLIST_KEY_UIApplicationSceneManifest_Generation = YES;
				INFOPLIST_KEY_UIApplicationSupportsIndirectInputEvents = YES;
				INFOPLIST_KEY_UILaunchScreen_Generation = YES;
				INFOPLIST_KEY_UISupportedInterfaceOrientations_iPad = "UIInterfaceOrientationPortrait UIInterfaceOrientationPortraitUpsideDown UIInterfaceOrientationLandscapeLeft UIInterfaceOrientationLandscapeRight";
				INFOPLIST_KEY_UISupportedInterfaceOrientations_iPhone = "UIInterfaceOrientationPortrait UIInterfaceOrientationLandscapeLeft UIInterfaceOrientationLandscapeRight";
				LD_RUNPATH_SEARCH_PATHS = (
					"$(inherited)",
					"@executable_path/Frameworks",
				);
				MARKETING_VERSION = 1.0;
				PRODUCT_BUNDLE_IDENTIFIER = com.harshsolo.QuantumTask;
				PRODUCT_NAME = "$(TARGET_NAME)";
				SWIFT_EMIT_LOC_STRINGS = YES;
				SWIFT_VERSION = 5.0;
				TARGETED_DEVICE_FAMILY = "1,2";
			};
			name = Debug;
		};
		1470205A278C24210014BDD3 /* Release */ = {
			isa = XCBuildConfiguration;
			buildSettings = {
				ASSETCATALOG_COMPILER_APPICON_NAME = AppIcon;
				ASSETCATALOG_COMPILER_GLOBAL_ACCENT_COLOR_NAME = AccentColor;
				CODE_SIGN_STYLE = Automatic;
				CURRENT_PROJECT_VERSION = 1;
				DEVELOPMENT_ASSET_PATHS = "\"QuantumTask/Preview Content\"";
				DEVELOPMENT_TEAM = B2MRP3T383;
				ENABLE_PREVIEWS = YES;
				GENERATE_INFOPLIST_FILE = YES;
				INFOPLIST_KEY_UIApplicationSceneManifest_Generation = YES;
				INFOPLIST_KEY_UIApplicationSupportsIndirectInputEvents = YES;
				INFOPLIST_KEY_UILaunchScreen_Generation = YES;
				INFOPLIST_KEY_UISupportedInterfaceOrientations_iPad = "UIInterfaceOrientationPortrait UIInterfaceOrientationPortraitUpsideDown UIInterfaceOrientationLandscapeLeft UIInterfaceOrientationLandscapeRight";
				INFOPLIST_KEY_UISupportedInterfaceOrientations_iPhone = "UIInterfaceOrientationPortrait UIInterfaceOrientationLandscapeLeft UIInterfaceOrientationLandscapeRight";
				LD_RUNPATH_SEARCH_PATHS = (
					"$(inherited)",
					"@executable_path/Frameworks",
				);
				MARKETING_VERSION = 1.0;
				PRODUCT_BUNDLE_IDENTIFIER = com.harshsolo.QuantumTask;
				PRODUCT_NAME = "$(TARGET_NAME)";
				SWIFT_EMIT_LOC_STRINGS = YES;
				SWIFT_VERSION = 5.0;
				TARGETED_DEVICE_FAMILY = "1,2";
			};
			name = Release;
		};
		1470205C278C24210014BDD3 /* Debug */ = {
			isa = XCBuildConfiguration;
			buildSettings = {
				ALWAYS_EMBED_SWIFT_STANDARD_LIBRARIES = YES;
				BUNDLE_LOADER = "$(TEST_HOST)";
				CODE_SIGN_STYLE = Automatic;
				CURRENT_PROJECT_VERSION = 1;
				DEVELOPMENT_TEAM = B2MRP3T383;
				GENERATE_INFOPLIST_FILE = YES;
				IPHONEOS_DEPLOYMENT_TARGET = 15.2;
				MARKETING_VERSION = 1.0;
				PRODUCT_BUNDLE_IDENTIFIER = com.harshsolo.QuantumTaskTests;
				PRODUCT_NAME = "$(TARGET_NAME)";
				SWIFT_EMIT_LOC_STRINGS = NO;
				SWIFT_VERSION = 5.0;
				TARGETED_DEVICE_FAMILY = "1,2";
				TEST_HOST = "$(BUILT_PRODUCTS_DIR)/QuantumTask.app/QuantumTask";
			};
			name = Debug;
		};
		1470205D278C24210014BDD3 /* Release */ = {
			isa = XCBuildConfiguration;
			buildSettings = {
				ALWAYS_EMBED_SWIFT_STANDARD_LIBRARIES = YES;
				BUNDLE_LOADER = "$(TEST_HOST)";
				CODE_SIGN_STYLE = Automatic;
				CURRENT_PROJECT_VERSION = 1;
				DEVELOPMENT_TEAM = B2MRP3T383;
				GENERATE_INFOPLIST_FILE = YES;
				IPHONEOS_DEPLOYMENT_TARGET = 15.2;
				MARKETING_VERSION = 1.0;
				PRODUCT_BUNDLE_IDENTIFIER = com.harshsolo.QuantumTaskTests;
				PRODUCT_NAME = "$(TARGET_NAME)";
				SWIFT_EMIT_LOC_STRINGS = NO;
				SWIFT_VERSION = 5.0;
				TARGETED_DEVICE_FAMILY = "1,2";
				TEST_HOST = "$(BUILT_PRODUCTS_DIR)/QuantumTask.app/QuantumTask";
			};
			name = Release;
		};
		1470205F278C24210014BDD3 /* Debug */ = {
			isa = XCBuildConfiguration;
			buildSettings = {
				ALWAYS_EMBED_SWIFT_STANDARD_LIBRARIES = YES;
				CODE_SIGN_STYLE = Automatic;
				CURRENT_PROJECT_VERSION = 1;
				DEVELOPMENT_TEAM = B2MRP3T383;
				GENERATE_INFOPLIST_FILE = YES;
				MARKETING_VERSION = 1.0;
				PRODUCT_BUNDLE_IDENTIFIER = com.harshsolo.QuantumTaskUITests;
				PRODUCT_NAME = "$(TARGET_NAME)";
				SWIFT_EMIT_LOC_STRINGS = NO;
				SWIFT_VERSION = 5.0;
				TARGETED_DEVICE_FAMILY = "1,2";
				TEST_TARGET_NAME = QuantumTask;
			};
			name = Debug;
		};
		14702060278C24210014BDD3 /* Release */ = {
			isa = XCBuildConfiguration;
			buildSettings = {
				ALWAYS_EMBED_SWIFT_STANDARD_LIBRARIES = YES;
				CODE_SIGN_STYLE = Automatic;
				CURRENT_PROJECT_VERSION = 1;
				DEVELOPMENT_TEAM = B2MRP3T383;
				GENERATE_INFOPLIST_FILE = YES;
				MARKETING_VERSION = 1.0;
				PRODUCT_BUNDLE_IDENTIFIER = com.harshsolo.QuantumTaskUITests;
				PRODUCT_NAME = "$(TARGET_NAME)";
				SWIFT_EMIT_LOC_STRINGS = NO;
				SWIFT_VERSION = 5.0;
				TARGETED_DEVICE_FAMILY = "1,2";
				TEST_TARGET_NAME = QuantumTask;
			};
			name = Release;
		};
/* End XCBuildConfiguration section */

/* Begin XCConfigurationList section */
		1470202F278C24200014BDD3 /* Build configuration list for PBXProject "QuantumTask" */ = {
			isa = XCConfigurationList;
			buildConfigurations = (
				14702056278C24210014BDD3 /* Debug */,
				14702057278C24210014BDD3 /* Release */,
			);
			defaultConfigurationIsVisible = 0;
			defaultConfigurationName = Release;
		};
		14702058278C24210014BDD3 /* Build configuration list for PBXNativeTarget "QuantumTask" */ = {
			isa = XCConfigurationList;
			buildConfigurations = (
				14702059278C24210014BDD3 /* Debug */,
				1470205A278C24210014BDD3 /* Release */,
			);
			defaultConfigurationIsVisible = 0;
			defaultConfigurationName = Release;
		};
		1470205B278C24210014BDD3 /* Build configuration list for PBXNativeTarget "QuantumTaskTests" */ = {
			isa = XCConfigurationList;
			buildConfigurations = (
				1470205C278C24210014BDD3 /* Debug */,
				1470205D278C24210014BDD3 /* Release */,
			);
			defaultConfigurationIsVisible = 0;
			defaultConfigurationName = Release;
		};
		1470205E278C24210014BDD3 /* Build configuration list for PBXNativeTarget "QuantumTaskUITests" */ = {
			isa = XCConfigurationList;
			buildConfigurations = (
				1470205F278C24210014BDD3 /* Debug */,
				14702060278C24210014BDD3 /* Release */,
			);
			defaultConfigurationIsVisible = 0;
			defaultConfigurationName = Release;
		};
/* End XCConfigurationList section */
	};
	rootObject = 1470202C278C24200014BDD3 /* Project object */;
}
